
Microsoft Visual Studio Solution File, Format Version 12.00
# Visual Studio Version 16
VisualStudioVersion = 16.0.31424.327
MinimumVisualStudioVersion = 10.0.40219.1
Project("{FAE04EC0-301F-11D3-BF4B-00C04F79EFBC}") = "ObjectOrientedProgram", "ObjectOrientedProgram.csproj", "{CE775AD4-BB81-4329-982B-7EB0D6954D73}"
EndProject
Global
	GlobalSection(SolutionConfigurationPlatforms) = preSolution
		Debug|Any CPU = Debug|Any CPU
		Release|Any CPU = Release|Any CPU
	EndGlobalSection
	GlobalSection(ProjectConfigurationPlatforms) = postSolution
		{CE775AD4-BB81-4329-982B-7EB0D6954D73}.Debug|Any CPU.ActiveCfg = Debug|Any CPU
		{CE775AD4-BB81-4329-982B-7EB0D6954D73}.Debug|Any CPU.Build.0 = Debug|Any CPU
		{CE775AD4-BB81-4329-982B-7EB0D6954D73}.Release|Any CPU.ActiveCfg = Release|Any CPU
		{CE775AD4-BB81-4329-982B-7EB0D6954D73}.Release|Any CPU.Build.0 = Release|Any CPU
	EndGlobalSection
	GlobalSection(SolutionProperties) = preSolution
		HideSolutionNode = FALSE
	EndGlobalSection
	GlobalSection(ExtensibilityGlobals) = postSolution
		SolutionGuid = {F78B0EDB-9756-4EAB-9CFE-560428759923}
	EndGlobalSection
EndGlobal
